<?xml version="1.0" encoding="utf-8"?>
<Project ToolsVersion="4.0" xmlns="http://schemas.microsoft.com/developer/msbuild/2003">
  <ItemGroup>
    <ClInclude Include="stdafx.h" />
    <ClInclude Include="Main.h" />
    <ClInclude Include="Widgets\WMenuBar.h">
      <Filter>Widgets</Filter>
    </ClInclude>
    <ClInclude Include="Widgets\WProfile.h">
      <Filter>Widgets</Filter>
    </ClInclude>
    <ClInclude Include="Assimp\Loader.h">
      <Filter>Assimp</Filter>
    </ClInclude>
    <ClInclude Include="Assimp\Type.h">
      <Filter>Assimp</Filter>
    </ClInclude>
    <ClInclude Include="Executes\TestAnimModel.h">
      <Filter>Executes</Filter>
    </ClInclude>
    <ClInclude Include="Executes\TestModel.h">
      <Filter>Executes</Filter>
    </ClInclude>
  </ItemGroup>
  <ItemGroup>
    <ClCompile Include="Main.cpp" />
    <ClCompile Include="Widgets\WMenuBar.cpp">
      <Filter>Widgets</Filter>
    </ClCompile>
    <ClCompile Include="Widgets\WProfile.cpp">
      <Filter>Widgets</Filter>
    </ClCompile>
    <ClCompile Include="Assimp\Loader.cpp">
      <Filter>Assimp</Filter>
    </ClCompile>
    <ClCompile Include="Executes\TestModel.cpp">
      <Filter>Executes</Filter>
    </ClCompile>
    <ClCompile Include="Executes\TestAnimModel.cpp">
      <Filter>Executes</Filter>
    </ClCompile>
  </ItemGroup>
  <ItemGroup>
    <Filter Include="Executes">
      <UniqueIdentifier>{23087b3f-169e-4ec8-8860-56dcbb1cfa7f}</UniqueIdentifier>
    </Filter>
    <Filter Include="Widgets">
      <UniqueIdentifier>{2619786d-3c38-46b3-b799-357309d25509}</UniqueIdentifier>
    </Filter>
    <Filter Include="Assimp">
      <UniqueIdentifier>{2ecbd326-c07a-43a0-bbb7-d097f2faa3fe}</UniqueIdentifier>
    </Filter>
  </ItemGroup>
</Project>